github.com/isangeles/burn v0.0.0-20230222193005-181d4b8bcd34 h1:WIb5oGj77SGbOs4goki0HYvv1MWvYb8HTLRWl/+D45g=
github.com/isangeles/burn v0.0.0-20230222193005-181d4b8bcd34/go.mod h1:YmMekC0yOk7Tmrwaw2dbMywB6RmcKgB2V4gMhqVBt5U=
github.com/isangeles/flame v0.0.0-20230315200221-3fcbd7bd73a9 h1:geZvlfAtW2jI5CkPSxtNpuRUhr0n1coTxKxdxiKKRkM=
github.com/isangeles/flame v0.0.0-20230315200221-3fcbd7bd73a9/go.mod h1:SnqHiRyVIg6hdDObByPdi8C8Fy2TdF5F0bbYQ9/PWLs=
